
Microsoft Visual Studio Solution File, Format Version 12.00
# Visual Studio Version 17
VisualStudioVersion = 17.6.33815.320
MinimumVisualStudioVersion = 10.0.40219.1
Project("{9A19103F-16F7-4668-BE54-9A1E7A4F7556}") = "OnlineStore.WebAPI", "OnlineStore.WebAPI.csproj", "{2CE2B29D-9D8E-4A1F-BD6A-556B5723BDBC}"
EndProject
Project("{FAE04EC0-301F-11D3-BF4B-00C04F79EFBC}") = "OnlineStore.BLL", "..\OnlineStore.BLL\OnlineStore.BLL.csproj", "{924F2687-186C-4D81-BF64-B0F6693CDF77}"
EndProject
Project("{FAE04EC0-301F-11D3-BF4B-00C04F79EFBC}") = "OnlineStore.DAL", "..\OnlineStore.DAL\OnlineStore.DAL.csproj", "{2BD10101-AFE4-44FF-A58F-58D71ECC93F9}"
EndProject
Global
	GlobalSection(SolutionConfigurationPlatforms) = preSolution
		Debug|Any CPU = Debug|Any CPU
		Release|Any CPU = Release|Any CPU
	EndGlobalSection
	GlobalSection(ProjectConfigurationPlatforms) = postSolution
		{2CE2B29D-9D8E-4A1F-BD6A-556B5723BDBC}.Debug|Any CPU.ActiveCfg = Debug|Any CPU
		{2CE2B29D-9D8E-4A1F-BD6A-556B5723BDBC}.Debug|Any CPU.Build.0 = Debug|Any CPU
		{2CE2B29D-9D8E-4A1F-BD6A-556B5723BDBC}.Release|Any CPU.ActiveCfg = Release|Any CPU
		{2CE2B29D-9D8E-4A1F-BD6A-556B5723BDBC}.Release|Any CPU.Build.0 = Release|Any CPU
		{924F2687-186C-4D81-BF64-B0F6693CDF77}.Debug|Any CPU.ActiveCfg = Debug|Any CPU
		{924F2687-186C-4D81-BF64-B0F6693CDF77}.Debug|Any CPU.Build.0 = Debug|Any CPU
		{924F2687-186C-4D81-BF64-B0F6693CDF77}.Release|Any CPU.ActiveCfg = Release|Any CPU
		{924F2687-186C-4D81-BF64-B0F6693CDF77}.Release|Any CPU.Build.0 = Release|Any CPU
		{2BD10101-AFE4-44FF-A58F-58D71ECC93F9}.Debug|Any CPU.ActiveCfg = Debug|Any CPU
		{2BD10101-AFE4-44FF-A58F-58D71ECC93F9}.Debug|Any CPU.Build.0 = Debug|Any CPU
		{2BD10101-AFE4-44FF-A58F-58D71ECC93F9}.Release|Any CPU.ActiveCfg = Release|Any CPU
		{2BD10101-AFE4-44FF-A58F-58D71ECC93F9}.Release|Any CPU.Build.0 = Release|Any CPU
	EndGlobalSection
	GlobalSection(SolutionProperties) = preSolution
		HideSolutionNode = FALSE
	EndGlobalSection
	GlobalSection(ExtensibilityGlobals) = postSolution
		SolutionGuid = {78C20064-D636-4068-9827-BF5D493B8DB2}
	EndGlobalSection
EndGlobal
